// !$*UTF8*$!
{
	archiveVersion = 1;
	classes = {
	};
	objectVersion = 60;
	objects = {

/* Begin PBXBuildFile section */
		C484ABCE2B39043C00D37AFE /* BottomSheetExampleSimpleContentViewController.swift in Sources */ = {isa = PBXBuildFile; fileRef = C484ABC72B39043C00D37AFE /* BottomSheetExampleSimpleContentViewController.swift */; };
		C484ABCF2B39043C00D37AFE /* BottomSheetExampleStackFirstContentViewController.swift in Sources */ = {isa = PBXBuildFile; fileRef = C484ABC82B39043C00D37AFE /* BottomSheetExampleStackFirstContentViewController.swift */; };
		C484ABD02B39043C00D37AFE /* BottomSheetExampleListContentViewController.swift in Sources */ = {isa = PBXBuildFile; fileRef = C484ABC92B39043C00D37AFE /* BottomSheetExampleListContentViewController.swift */; };
		C484ABD12B39043C00D37AFE /* BottomSheetExampleSlackMessageContentViewController.swift in Sources */ = {isa = PBXBuildFile; fileRef = C484ABCA2B39043C00D37AFE /* BottomSheetExampleSlackMessageContentViewController.swift */; };
		C484ABD22B39043C00D37AFE /* BottomSheetExamplePopupMessageContentViewController.swift in Sources */ = {isa = PBXBuildFile; fileRef = C484ABCB2B39043C00D37AFE /* BottomSheetExamplePopupMessageContentViewController.swift */; };
		C484ABD32B39043C00D37AFE /* BottomSheetExampleStackSecondContentViewController.swift in Sources */ = {isa = PBXBuildFile; fileRef = C484ABCC2B39043C00D37AFE /* BottomSheetExampleStackSecondContentViewController.swift */; };
		C484ABD42B39043C00D37AFE /* BottomSheetExampleMapContentViewController.swift in Sources */ = {isa = PBXBuildFile; fileRef = C484ABCD2B39043C00D37AFE /* BottomSheetExampleMapContentViewController.swift */; };
		C484ABDB2B39047200D37AFE /* BottomSheetExampleSlackMessageContainerViewController.swift in Sources */ = {isa = PBXBuildFile; fileRef = C484ABD62B39047100D37AFE /* BottomSheetExampleSlackMessageContainerViewController.swift */; };
		C484ABDC2B39047200D37AFE /* BottomSheetExamplePopupMessageContainerViewController.swift in Sources */ = {isa = PBXBuildFile; fileRef = C484ABD72B39047100D37AFE /* BottomSheetExamplePopupMessageContainerViewController.swift */; };
		C484ABDD2B39047200D37AFE /* BottomSheetExampleStackContainerViewController.swift in Sources */ = {isa = PBXBuildFile; fileRef = C484ABD82B39047100D37AFE /* BottomSheetExampleStackContainerViewController.swift */; };
		C484ABDE2B39047200D37AFE /* BottomSheetExampleMapContainerViewController.swift in Sources */ = {isa = PBXBuildFile; fileRef = C484ABD92B39047200D37AFE /* BottomSheetExampleMapContainerViewController.swift */; };
		C484ABDF2B39047200D37AFE /* BottomSheetExampleContainerViewController.swift in Sources */ = {isa = PBXBuildFile; fileRef = C484ABDA2B39047200D37AFE /* BottomSheetExampleContainerViewController.swift */; };
		C488FC6F2B3902B00050D148 /* AppDelegate.swift in Sources */ = {isa = PBXBuildFile; fileRef = C488FC6E2B3902B00050D148 /* AppDelegate.swift */; };
		C488FC782B3902B00050D148 /* Assets.xcassets in Resources */ = {isa = PBXBuildFile; fileRef = C488FC772B3902B00050D148 /* Assets.xcassets */; };
		C49792CC2B39032E00F65F63 /* BottomSheetExampleIntroViewController.swift in Sources */ = {isa = PBXBuildFile; fileRef = C49792C82B39032E00F65F63 /* BottomSheetExampleIntroViewController.swift */; };
		C49792CE2B39032E00F65F63 /* BottomSheetExample.swift in Sources */ = {isa = PBXBuildFile; fileRef = C49792CA2B39032E00F65F63 /* BottomSheetExample.swift */; };
		C49792D22B39037F00F65F63 /* CXBottomSheet in Frameworks */ = {isa = PBXBuildFile; productRef = C49792D12B39037F00F65F63 /* CXBottomSheet */; };
/* End PBXBuildFile section */

/* Begin PBXFileReference section */
		C484ABC72B39043C00D37AFE /* BottomSheetExampleSimpleContentViewController.swift */ = {isa = PBXFileReference; fileEncoding = 4; lastKnownFileType = sourcecode.swift; path = BottomSheetExampleSimpleContentViewController.swift; sourceTree = "<group>"; };
		C484ABC82B39043C00D37AFE /* BottomSheetExampleStackFirstContentViewController.swift */ = {isa = PBXFileReference; fileEncoding = 4; lastKnownFileType = sourcecode.swift; path = BottomSheetExampleStackFirstContentViewController.swift; sourceTree = "<group>"; };
		C484ABC92B39043C00D37AFE /* BottomSheetExampleListContentViewController.swift */ = {isa = PBXFileReference; fileEncoding = 4; lastKnownFileType = sourcecode.swift; path = BottomSheetExampleListContentViewController.swift; sourceTree = "<group>"; };
		C484ABCA2B39043C00D37AFE /* BottomSheetExampleSlackMessageContentViewController.swift */ = {isa = PBXFileReference; fileEncoding = 4; lastKnownFileType = sourcecode.swift; path = BottomSheetExampleSlackMessageContentViewController.swift; sourceTree = "<group>"; };
		C484ABCB2B39043C00D37AFE /* BottomSheetExamplePopupMessageContentViewController.swift */ = {isa = PBXFileReference; fileEncoding = 4; lastKnownFileType = sourcecode.swift; path = BottomSheetExamplePopupMessageContentViewController.swift; sourceTree = "<group>"; };
		C484ABCC2B39043C00D37AFE /* BottomSheetExampleStackSecondContentViewController.swift */ = {isa = PBXFileReference; fileEncoding = 4; lastKnownFileType = sourcecode.swift; path = BottomSheetExampleStackSecondContentViewController.swift; sourceTree = "<group>"; };
		C484ABCD2B39043C00D37AFE /* BottomSheetExampleMapContentViewController.swift */ = {isa = PBXFileReference; fileEncoding = 4; lastKnownFileType = sourcecode.swift; path = BottomSheetExampleMapContentViewController.swift; sourceTree = "<group>"; };
		C484ABD62B39047100D37AFE /* BottomSheetExampleSlackMessageContainerViewController.swift */ = {isa = PBXFileReference; fileEncoding = 4; lastKnownFileType = sourcecode.swift; path = BottomSheetExampleSlackMessageContainerViewController.swift; sourceTree = "<group>"; };
		C484ABD72B39047100D37AFE /* BottomSheetExamplePopupMessageContainerViewController.swift */ = {isa = PBXFileReference; fileEncoding = 4; lastKnownFileType = sourcecode.swift; path = BottomSheetExamplePopupMessageContainerViewController.swift; sourceTree = "<group>"; };
		C484ABD82B39047100D37AFE /* BottomSheetExampleStackContainerViewController.swift */ = {isa = PBXFileReference; fileEncoding = 4; lastKnownFileType = sourcecode.swift; path = BottomSheetExampleStackContainerViewController.swift; sourceTree = "<group>"; };
		C484ABD92B39047200D37AFE /* BottomSheetExampleMapContainerViewController.swift */ = {isa = PBXFileReference; fileEncoding = 4; lastKnownFileType = sourcecode.swift; path = BottomSheetExampleMapContainerViewController.swift; sourceTree = "<group>"; };
		C484ABDA2B39047200D37AFE /* BottomSheetExampleContainerViewController.swift */ = {isa = PBXFileReference; fileEncoding = 4; lastKnownFileType = sourcecode.swift; path = BottomSheetExampleContainerViewController.swift; sourceTree = "<group>"; };
		C488FC6B2B3902B00050D148 /* CXBottomSheet-Example.app */ = {isa = PBXFileReference; explicitFileType = wrapper.application; includeInIndex = 0; path = "CXBottomSheet-Example.app"; sourceTree = BUILT_PRODUCTS_DIR; };
		C488FC6E2B3902B00050D148 /* AppDelegate.swift */ = {isa = PBXFileReference; lastKnownFileType = sourcecode.swift; path = AppDelegate.swift; sourceTree = "<group>"; };
		C488FC772B3902B00050D148 /* Assets.xcassets */ = {isa = PBXFileReference; lastKnownFileType = folder.assetcatalog; path = Assets.xcassets; sourceTree = "<group>"; };
		C488FC7C2B3902B00050D148 /* Info.plist */ = {isa = PBXFileReference; lastKnownFileType = text.plist.xml; path = Info.plist; sourceTree = "<group>"; };
		C49792C82B39032E00F65F63 /* BottomSheetExampleIntroViewController.swift */ = {isa = PBXFileReference; fileEncoding = 4; lastKnownFileType = sourcecode.swift; path = BottomSheetExampleIntroViewController.swift; sourceTree = "<group>"; };
		C49792CA2B39032E00F65F63 /* BottomSheetExample.swift */ = {isa = PBXFileReference; fileEncoding = 4; lastKnownFileType = sourcecode.swift; path = BottomSheetExample.swift; sourceTree = "<group>"; };
/* End PBXFileReference section */

/* Begin PBXFrameworksBuildPhase section */
		C488FC682B3902B00050D148 /* Frameworks */ = {
			isa = PBXFrameworksBuildPhase;
			buildActionMask = 2147483647;
			files = (
				C49792D22B39037F00F65F63 /* CXBottomSheet in Frameworks */,
			);
			runOnlyForDeploymentPostprocessing = 0;
		};
/* End PBXFrameworksBuildPhase section */

/* Begin PBXGroup section */
		C484ABC62B39042E00D37AFE /* Contents */ = {
			isa = PBXGroup;
			children = (
				C484ABC92B39043C00D37AFE /* BottomSheetExampleListContentViewController.swift */,
				C484ABCD2B39043C00D37AFE /* BottomSheetExampleMapContentViewController.swift */,
				C484ABCB2B39043C00D37AFE /* BottomSheetExamplePopupMessageContentViewController.swift */,
				C484ABC72B39043C00D37AFE /* BottomSheetExampleSimpleContentViewController.swift */,
				C484ABCA2B39043C00D37AFE /* BottomSheetExampleSlackMessageContentViewController.swift */,
				C484ABC82B39043C00D37AFE /* BottomSheetExampleStackFirstContentViewController.swift */,
				C484ABCC2B39043C00D37AFE /* BottomSheetExampleStackSecondContentViewController.swift */,
			);
			path = Contents;
			sourceTree = "<group>";
		};
		C484ABD52B39046400D37AFE /* Containers */ = {
			isa = PBXGroup;
			children = (
				C484ABDA2B39047200D37AFE /* BottomSheetExampleContainerViewController.swift */,
				C484ABD92B39047200D37AFE /* BottomSheetExampleMapContainerViewController.swift */,
				C484ABD72B39047100D37AFE /* BottomSheetExamplePopupMessageContainerViewController.swift */,
				C484ABD62B39047100D37AFE /* BottomSheetExampleSlackMessageContainerViewController.swift */,
				C484ABD82B39047100D37AFE /* BottomSheetExampleStackContainerViewController.swift */,
			);
			path = Containers;
			sourceTree = "<group>";
		};
		C488FC622B3902B00050D148 = {
			isa = PBXGroup;
			children = (
				C488FC6D2B3902B00050D148 /* CXBottomSheet-Example */,
				C488FC6C2B3902B00050D148 /* Products */,
			);
			sourceTree = "<group>";
		};
		C488FC6C2B3902B00050D148 /* Products */ = {
			isa = PBXGroup;
			children = (
				C488FC6B2B3902B00050D148 /* CXBottomSheet-Example.app */,
			);
			name = Products;
			sourceTree = "<group>";
		};
		C488FC6D2B3902B00050D148 /* CXBottomSheet-Example */ = {
			isa = PBXGroup;
			children = (
				C484ABD52B39046400D37AFE /* Containers */,
				C484ABC62B39042E00D37AFE /* Contents */,
				C49792CA2B39032E00F65F63 /* BottomSheetExample.swift */,
				C49792C82B39032E00F65F63 /* BottomSheetExampleIntroViewController.swift */,
				C488FC6E2B3902B00050D148 /* AppDelegate.swift */,
				C488FC772B3902B00050D148 /* Assets.xcassets */,
				C488FC7C2B3902B00050D148 /* Info.plist */,
			);
			path = "CXBottomSheet-Example";
			sourceTree = "<group>";
		};
/* End PBXGroup section */

/* Begin PBXNativeTarget section */
		C488FC6A2B3902B00050D148 /* CXBottomSheet-Example */ = {
			isa = PBXNativeTarget;
			buildConfigurationList = C488FC7F2B3902B00050D148 /* Build configuration list for PBXNativeTarget "CXBottomSheet-Example" */;
			buildPhases = (
				C488FC672B3902B00050D148 /* Sources */,
				C488FC682B3902B00050D148 /* Frameworks */,
				C488FC692B3902B00050D148 /* Resources */,
			);
			buildRules = (
			);
			dependencies = (
			);
			name = "CXBottomSheet-Example";
			packageProductDependencies = (
				C49792D12B39037F00F65F63 /* CXBottomSheet */,
			);
			productName = "CXBottomSheet-Example";
			productReference = C488FC6B2B3902B00050D148 /* CXBottomSheet-Example.app */;
			productType = "com.apple.product-type.application";
		};
/* End PBXNativeTarget section */

/* Begin PBXProject section */
		C488FC632B3902B00050D148 /* Project object */ = {
			isa = PBXProject;
			attributes = {
				BuildIndependentTargetsInParallel = 1;
				LastSwiftUpdateCheck = 1500;
				LastUpgradeCheck = 1500;
				TargetAttributes = {
					C488FC6A2B3902B00050D148 = {
						CreatedOnToolsVersion = 15.0.1;
					};
				};
			};
			buildConfigurationList = C488FC662B3902B00050D148 /* Build configuration list for PBXProject "CXBottomSheet-Example" */;
			compatibilityVersion = "Xcode 14.0";
			developmentRegion = en;
			hasScannedForEncodings = 0;
			knownRegions = (
				en,
				Base,
			);
			mainGroup = C488FC622B3902B00050D148;
			packageReferences = (
				C49792D02B39037E00F65F63 /* XCLocalSwiftPackageReference ".." */,
			);
			productRefGroup = C488FC6C2B3902B00050D148 /* Products */;
			projectDirPath = "";
			projectRoot = "";
			targets = (
				C488FC6A2B3902B00050D148 /* CXBottomSheet-Example */,
			);
		};
/* End PBXProject section */

/* Begin PBXResourcesBuildPhase section */
		C488FC692B3902B00050D148 /* Resources */ = {
			isa = PBXResourcesBuildPhase;
			buildActionMask = 2147483647;
			files = (
				C488FC782B3902B00050D148 /* Assets.xcassets in Resources */,
			);
			runOnlyForDeploymentPostprocessing = 0;
		};
/* End PBXResourcesBuildPhase section */

/* Begin PBXSourcesBuildPhase section */
		C488FC672B3902B00050D148 /* Sources */ = {
			isa = PBXSourcesBuildPhase;
			buildActionMask = 2147483647;
			files = (
				C484ABDD2B39047200D37AFE /* BottomSheetExampleStackContainerViewController.swift in Sources */,
				C484ABDF2B39047200D37AFE /* BottomSheetExampleContainerViewController.swift in Sources */,
				C484ABCE2B39043C00D37AFE /* BottomSheetExampleSimpleContentViewController.swift in Sources */,
				C484ABD22B39043C00D37AFE /* BottomSheetExamplePopupMessageContentViewController.swift in Sources */,
				C484ABCF2B39043C00D37AFE /* BottomSheetExampleStackFirstContentViewController.swift in Sources */,
				C484ABDC2B39047200D37AFE /* BottomSheetExamplePopupMessageContainerViewController.swift in Sources */,
				C484ABD12B39043C00D37AFE /* BottomSheetExampleSlackMessageContentViewController.swift in Sources */,
				C49792CE2B39032E00F65F63 /* BottomSheetExample.swift in Sources */,
				C484ABDB2B39047200D37AFE /* BottomSheetExampleSlackMessageContainerViewController.swift in Sources */,
				C484ABD42B39043C00D37AFE /* BottomSheetExampleMapContentViewController.swift in Sources */,
				C488FC6F2B3902B00050D148 /* AppDelegate.swift in Sources */,
				C484ABD02B39043C00D37AFE /* BottomSheetExampleListContentViewController.swift in Sources */,
				C484ABD32B39043C00D37AFE /* BottomSheetExampleStackSecondContentViewController.swift in Sources */,
				C49792CC2B39032E00F65F63 /* BottomSheetExampleIntroViewController.swift in Sources */,
				C484ABDE2B39047200D37AFE /* BottomSheetExampleMapContainerViewController.swift in Sources */,
			);
			runOnlyForDeploymentPostprocessing = 0;
		};
/* End PBXSourcesBuildPhase section */

/* Begin XCBuildConfiguration section */
		C488FC7D2B3902B00050D148 /* Debug */ = {
			isa = XCBuildConfiguration;
			buildSettings = {
				ALWAYS_SEARCH_USER_PATHS = NO;
				ASSETCATALOG_COMPILER_GENERATE_SWIFT_ASSET_SYMBOL_EXTENSIONS = YES;
				CLANG_ANALYZER_NONNULL = YES;
				CLANG_ANALYZER_NUMBER_OBJECT_CONVERSION = YES_AGGRESSIVE;
				CLANG_CXX_LANGUAGE_STANDARD = "gnu++20";
				CLANG_ENABLE_MODULES = YES;
				CLANG_ENABLE_OBJC_ARC = YES;
				CLANG_ENABLE_OBJC_WEAK = YES;
				CLANG_WARN_BLOCK_CAPTURE_AUTORELEASING = YES;
				CLANG_WARN_BOOL_CONVERSION = YES;
				CLANG_WARN_COMMA = YES;
				CLANG_WARN_CONSTANT_CONVERSION = YES;
				CLANG_WARN_DEPRECATED_OBJC_IMPLEMENTATIONS = YES;
				CLANG_WARN_DIRECT_OBJC_ISA_USAGE = YES_ERROR;
				CLANG_WARN_DOCUMENTATION_COMMENTS = YES;
				CLANG_WARN_EMPTY_BODY = YES;
				CLANG_WARN_ENUM_CONVERSION = YES;
				CLANG_WARN_INFINITE_RECURSION = YES;
				CLANG_WARN_INT_CONVERSION = YES;
				CLANG_WARN_NON_LITERAL_NULL_CONVERSION = YES;
				CLANG_WARN_OBJC_IMPLICIT_RETAIN_SELF = YES;
				CLANG_WARN_OBJC_LITERAL_CONVERSION = YES;
				CLANG_WARN_OBJC_ROOT_CLASS = YES_ERROR;
				CLANG_WARN_QUOTED_INCLUDE_IN_FRAMEWORK_HEADER = YES;
				CLANG_WARN_RANGE_LOOP_ANALYSIS = YES;
				CLANG_WARN_STRICT_PROTOTYPES = YES;
				CLANG_WARN_SUSPICIOUS_MOVE = YES;
				CLANG_WARN_UNGUARDED_AVAILABILITY = YES_AGGRESSIVE;
				CLANG_WARN_UNREACHABLE_CODE = YES;
				CLANG_WARN__DUPLICATE_METHOD_MATCH = YES;
				COPY_PHASE_STRIP = NO;
				DEBUG_INFORMATION_FORMAT = dwarf;
				ENABLE_STRICT_OBJC_MSGSEND = YES;
				ENABLE_TESTABILITY = YES;
				ENABLE_USER_SCRIPT_SANDBOXING = YES;
				GCC_C_LANGUAGE_STANDARD = gnu17;
				GCC_DYNAMIC_NO_PIC = NO;
				GCC_NO_COMMON_BLOCKS = YES;
				GCC_OPTIMIZATION_LEVEL = 0;
				GCC_PREPROCESSOR_DEFINITIONS = (
					"DEBUG=1",
					"$(inherited)",
				);
				GCC_WARN_64_TO_32_BIT_CONVERSION = YES;
				GCC_WARN_ABOUT_RETURN_TYPE = YES_ERROR;
				GCC_WARN_UNDECLARED_SELECTOR = YES;
				GCC_WARN_UNINITIALIZED_AUTOS = YES_AGGRESSIVE;
				GCC_WARN_UNUSED_FUNCTION = YES;
				GCC_WARN_UNUSED_VARIABLE = YES;
				IPHONEOS_DEPLOYMENT_TARGET = 17.0;
				LOCALIZATION_PREFERS_STRING_CATALOGS = YES;
				MTL_ENABLE_DEBUG_INFO = INCLUDE_SOURCE;
				MTL_FAST_MATH = YES;
				ONLY_ACTIVE_ARCH = YES;
				SDKROOT = iphoneos;
				SWIFT_ACTIVE_COMPILATION_CONDITIONS = "DEBUG $(inherited)";
				SWIFT_OPTIMIZATION_LEVEL = "-Onone";
			};
			name = Debug;
		};
		C488FC7E2B3902B00050D148 /* Release */ = {
			isa = XCBuildConfiguration;
			buildSettings = {
				ALWAYS_SEARCH_USER_PATHS = NO;
				ASSETCATALOG_COMPILER_GENERATE_SWIFT_ASSET_SYMBOL_EXTENSIONS = YES;
				CLANG_ANALYZER_NONNULL = YES;
				CLANG_ANALYZER_NUMBER_OBJECT_CONVERSION = YES_AGGRESSIVE;
				CLANG_CXX_LANGUAGE_STANDARD = "gnu++20";
				CLANG_ENABLE_MODULES = YES;
				CLANG_ENABLE_OBJC_ARC = YES;
				CLANG_ENABLE_OBJC_WEAK = YES;
				CLANG_WARN_BLOCK_CAPTURE_AUTORELEASING = YES;
				CLANG_WARN_BOOL_CONVERSION = YES;
				CLANG_WARN_COMMA = YES;
				CLANG_WARN_CONSTANT_CONVERSION = YES;
				CLANG_WARN_DEPRECATED_OBJC_IMPLEMENTATIONS = YES;
				CLANG_WARN_DIRECT_OBJC_ISA_USAGE = YES_ERROR;
				CLANG_WARN_DOCUMENTATION_COMMENTS = YES;
				CLANG_WARN_EMPTY_BODY = YES;
				CLANG_WARN_ENUM_CONVERSION = YES;
				CLANG_WARN_INFINITE_RECURSION = YES;
				CLANG_WARN_INT_CONVERSION = YES;
				CLANG_WARN_NON_LITERAL_NULL_CONVERSION = YES;
				CLANG_WARN_OBJC_IMPLICIT_RETAIN_SELF = YES;
				CLANG_WARN_OBJC_LITERAL_CONVERSION = YES;
				CLANG_WARN_OBJC_ROOT_CLASS = YES_ERROR;
				CLANG_WARN_QUOTED_INCLUDE_IN_FRAMEWORK_HEADER = YES;
				CLANG_WARN_RANGE_LOOP_ANALYSIS = YES;
				CLANG_WARN_STRICT_PROTOTYPES = YES;
				CLANG_WARN_SUSPICIOUS_MOVE = YES;
				CLANG_WARN_UNGUARDED_AVAILABILITY = YES_AGGRESSIVE;
				CLANG_WARN_UNREACHABLE_CODE = YES;
				CLANG_WARN__DUPLICATE_METHOD_MATCH = YES;
				COPY_PHASE_STRIP = NO;
				DEBUG_INFORMATION_FORMAT = "dwarf-with-dsym";
				ENABLE_NS_ASSERTIONS = NO;
				ENABLE_STRICT_OBJC_MSGSEND = YES;
				ENABLE_USER_SCRIPT_SANDBOXING = YES;
				GCC_C_LANGUAGE_STANDARD = gnu17;
				GCC_NO_COMMON_BLOCKS = YES;
				GCC_WARN_64_TO_32_BIT_CONVERSION = YES;
				GCC_WARN_ABOUT_RETURN_TYPE = YES_ERROR;
				GCC_WARN_UNDECLARED_SELECTOR = YES;
				GCC_WARN_UNINITIALIZED_AUTOS = YES_AGGRESSIVE;
				GCC_WARN_UNUSED_FUNCTION = YES;
				GCC_WARN_UNUSED_VARIABLE = YES;
				IPHONEOS_DEPLOYMENT_TARGET = 17.0;
				LOCALIZATION_PREFERS_STRING_CATALOGS = YES;
				MTL_ENABLE_DEBUG_INFO = NO;
				MTL_FAST_MATH = YES;
				SDKROOT = iphoneos;
				SWIFT_COMPILATION_MODE = wholemodule;
				VALIDATE_PRODUCT = YES;
			};
			name = Release;
		};
		C488FC802B3902B00050D148 /* Debug */ = {
			isa = XCBuildConfiguration;
			buildSettings = {
				ASSETCATALOG_COMPILER_APPICON_NAME = AppIcon;
				ASSETCATALOG_COMPILER_GLOBAL_ACCENT_COLOR_NAME = AccentColor;
				CODE_SIGN_STYLE = Automatic;
				CURRENT_PROJECT_VERSION = 1;
				DEVELOPMENT_TEAM = 2PQ63WGMNP;
				GENERATE_INFOPLIST_FILE = YES;
				INFOPLIST_FILE = "CXBottomSheet-Example/Info.plist";
				INFOPLIST_KEY_UIApplicationSupportsIndirectInputEvents = YES;
				INFOPLIST_KEY_UILaunchStoryboardName = LaunchScreen;
				INFOPLIST_KEY_UIMainStoryboardFile = Main;
				INFOPLIST_KEY_UISupportedInterfaceOrientations_iPad = "UIInterfaceOrientationPortrait UIInterfaceOrientationPortraitUpsideDown UIInterfaceOrientationLandscapeLeft UIInterfaceOrientationLandscapeRight";
				INFOPLIST_KEY_UISupportedInterfaceOrientations_iPhone = "UIInterfaceOrientationPortrait UIInterfaceOrientationLandscapeLeft UIInterfaceOrientationLandscapeRight";
				LD_RUNPATH_SEARCH_PATHS = (
					"$(inherited)",
					"@executable_path/Frameworks",
				);
				MARKETING_VERSION = 1.0;
				PRODUCT_BUNDLE_IDENTIFIER = "com.cuxiao.CXBottomSheet-Example";
				PRODUCT_NAME = "$(TARGET_NAME)";
				SWIFT_EMIT_LOC_STRINGS = YES;
				SWIFT_VERSION = 5.0;
				TARGETED_DEVICE_FAMILY = "1,2";
			};
			name = Debug;
		};
		C488FC812B3902B00050D148 /* Release */ = {
			isa = XCBuildConfiguration;
			buildSettings = {
				ASSETCATALOG_COMPILER_APPICON_NAME = AppIcon;
				ASSETCATALOG_COMPILER_GLOBAL_ACCENT_COLOR_NAME = AccentColor;
				CODE_SIGN_STYLE = Automatic;
				CURRENT_PROJECT_VERSION = 1;
				DEVELOPMENT_TEAM = 2PQ63WGMNP;
				GENERATE_INFOPLIST_FILE = YES;
				INFOPLIST_FILE = "CXBottomSheet-Example/Info.plist";
				INFOPLIST_KEY_UIApplicationSupportsIndirectInputEvents = YES;
				INFOPLIST_KEY_UILaunchStoryboardName = LaunchScreen;
				INFOPLIST_KEY_UIMainStoryboardFile = Main;
				INFOPLIST_KEY_UISupportedInterfaceOrientations_iPad = "UIInterfaceOrientationPortrait UIInterfaceOrientationPortraitUpsideDown UIInterfaceOrientationLandscapeLeft UIInterfaceOrientationLandscapeRight";
				INFOPLIST_KEY_UISupportedInterfaceOrientations_iPhone = "UIInterfaceOrientationPortrait UIInterfaceOrientationLandscapeLeft UIInterfaceOrientationLandscapeRight";
				LD_RUNPATH_SEARCH_PATHS = (
					"$(inherited)",
					"@executable_path/Frameworks",
				);
				MARKETING_VERSION = 1.0;
				PRODUCT_BUNDLE_IDENTIFIER = "com.cuxiao.CXBottomSheet-Example";
				PRODUCT_NAME = "$(TARGET_NAME)";
				SWIFT_EMIT_LOC_STRINGS = YES;
				SWIFT_VERSION = 5.0;
				TARGETED_DEVICE_FAMILY = "1,2";
			};
			name = Release;
		};
/* End XCBuildConfiguration section */

/* Begin XCConfigurationList section */
		C488FC662B3902B00050D148 /* Build configuration list for PBXProject "CXBottomSheet-Example" */ = {
			isa = XCConfigurationList;
			buildConfigurations = (
				C488FC7D2B3902B00050D148 /* Debug */,
				C488FC7E2B3902B00050D148 /* Release */,
			);
			defaultConfigurationIsVisible = 0;
			defaultConfigurationName = Release;
		};
		C488FC7F2B3902B00050D148 /* Build configuration list for PBXNativeTarget "CXBottomSheet-Example" */ = {
			isa = XCConfigurationList;
			buildConfigurations = (
				C488FC802B3902B00050D148 /* Debug */,
				C488FC812B3902B00050D148 /* Release */,
			);
			defaultConfigurationIsVisible = 0;
			defaultConfigurationName = Release;
		};
/* End XCConfigurationList section */

/* Begin XCLocalSwiftPackageReference section */
		C49792D02B39037E00F65F63 /* XCLocalSwiftPackageReference ".." */ = {
			isa = XCLocalSwiftPackageReference;
			relativePath = ..;
		};
/* End XCLocalSwiftPackageReference section */

/* Begin XCSwiftPackageProductDependency section */
		C49792D12B39037F00F65F63 /* CXBottomSheet */ = {
			isa = XCSwiftPackageProductDependency;
			productName = CXBottomSheet;
		};
/* End XCSwiftPackageProductDependency section */
	};
	rootObject = C488FC632B3902B00050D148 /* Project object */;
}
